# This file was autogenerated by Stack.
# You should not edit this file by hand.
# For more information, please see the documentation at:
#   https://docs.haskellstack.org/en/stable/lock_files

packages:
- completed:
    hackage: digestive-functors-0.8.4.0@sha256:eb2ce9e55a8d2f26a9f5c8386e0d764fe1ce47eb0430af84104bf12dab431fa9,3287
    pantry-tree:
      size: 1682
      sha256: 825eb6308f9b5ec6f7527401f37369b3997eb3b012d3ce2a8fdd071067faf84e
  original:
    hackage: digestive-functors-0.8.4.0
- completed:
    hackage: digestive-functors-blaze-0.6.2.0@sha256:3aae259265b8517fb7efe2a7681d846e01f52c22f49f193aff550a1630f182d0,841
    pantry-tree:
      size: 289
      sha256: 2584d35cf054e3daa2f961d7b68e1c0bafd68f99284c4e76509fc455a0380315
  original:
    hackage: digestive-functors-blaze-0.6.2.0
- completed:
    hackage: amazonka-ses-1.6.1@sha256:335796c855121ca34affd35097676587d5ebe0b2e576da42faaedd9d163881b0,6425
    pantry-tree:
      size: 18151
      sha256: 1b4746acac660d5418731b3972c4ff2285ee3435c709dfda67df49665f781d0a
  original:
    hackage: amazonka-ses-1.6.1@sha256:335796c855121ca34affd35097676587d5ebe0b2e576da42faaedd9d163881b0,6425
- completed:
    hackage: amazonka-core-1.6.1@sha256:9bc59ce403c6eeba3b3eaf3f10e5f0b6a33b6edbbf8f6de0dd6f4c67b86fa698,5135
    pantry-tree:
      size: 3438
      sha256: c13e643176308771491ec0e06390e269047bb1b28be4535992842f7426a95eb4
  original:
    hackage: amazonka-core-1.6.1@sha256:9bc59ce403c6eeba3b3eaf3f10e5f0b6a33b6edbbf8f6de0dd6f4c67b86fa698,5135
- completed:
    hackage: amazonka-1.6.1@sha256:f58b63e83876f93aa03c54e54b3eb8ba9358af93819d41f4a5a8f8b7d8b8399c,3544
    pantry-tree:
      size: 992
      sha256: d792656a70ee42df262a599bc6608bda069e33092d665c3438a6eeeaf7db4fb2
  original:
    hackage: amazonka-1.6.1@sha256:f58b63e83876f93aa03c54e54b3eb8ba9358af93819d41f4a5a8f8b7d8b8399c,3544
snapshots:
- completed:
    size: 524163
    url: https://raw.githubusercontent.com/commercialhaskell/stackage-snapshots/master/lts/14/25.yaml
    sha256: 97548b4e927a8a862d4a203687ca18a3f5d2ae75b4b72c946fb29c17df1a5082
  original: lts-14.25
